
Microsoft Visual Studio Solution File, Format Version 12.00
# Visual Studio Version 17
VisualStudioVersion = 17.14.36301.6
MinimumVisualStudioVersion = 10.0.40219.1
Project("{FAE04EC0-301F-11D3-BF4B-00C04F79EFBC}") = "BankingSystem1", "BankingSystem1.csproj", "{0F3A2996-5490-42F9-A2B0-4BF01F6D622E}"
EndProject
Global
	GlobalSection(SolutionConfigurationPlatforms) = preSolution
		Debug|Any CPU = Debug|Any CPU
		Release|Any CPU = Release|Any CPU
	EndGlobalSection
	GlobalSection(ProjectConfigurationPlatforms) = postSolution
		{0F3A2996-5490-42F9-A2B0-4BF01F6D622E}.Debug|Any CPU.ActiveCfg = Debug|Any CPU
		{0F3A2996-5490-42F9-A2B0-4BF01F6D622E}.Debug|Any CPU.Build.0 = Debug|Any CPU
		{0F3A2996-5490-42F9-A2B0-4BF01F6D622E}.Release|Any CPU.ActiveCfg = Release|Any CPU
		{0F3A2996-5490-42F9-A2B0-4BF01F6D622E}.Release|Any CPU.Build.0 = Release|Any CPU
	EndGlobalSection
	GlobalSection(SolutionProperties) = preSolution
		HideSolutionNode = FALSE
	EndGlobalSection
	GlobalSection(ExtensibilityGlobals) = postSolution
		SolutionGuid = {ECEE9093-9449-420E-A843-2DC24EBC1BA7}
	EndGlobalSection
EndGlobal
